
Microsoft Visual Studio Solution File, Format Version 12.00
# Visual Studio Version 17
VisualStudioVersion = 17.2.32630.192
MinimumVisualStudioVersion = 10.0.40219.1
Project("{FAE04EC0-301F-11D3-BF4B-00C04F79EFBC}") = "Монте-Карло Площади", "Монте-Карло Площади\Монте-Карло Площади.csproj", "{F15BA07F-6E21-4835-ACAA-F5A2F6F59FC4}"
EndProject
Global
	GlobalSection(SolutionConfigurationPlatforms) = preSolution
		Debug|Any CPU = Debug|Any CPU
		Release|Any CPU = Release|Any CPU
	EndGlobalSection
	GlobalSection(ProjectConfigurationPlatforms) = postSolution
		{F15BA07F-6E21-4835-ACAA-F5A2F6F59FC4}.Debug|Any CPU.ActiveCfg = Debug|Any CPU
		{F15BA07F-6E21-4835-ACAA-F5A2F6F59FC4}.Debug|Any CPU.Build.0 = Debug|Any CPU
		{F15BA07F-6E21-4835-ACAA-F5A2F6F59FC4}.Release|Any CPU.ActiveCfg = Release|Any CPU
		{F15BA07F-6E21-4835-ACAA-F5A2F6F59FC4}.Release|Any CPU.Build.0 = Release|Any CPU
	EndGlobalSection
	GlobalSection(SolutionProperties) = preSolution
		HideSolutionNode = FALSE
	EndGlobalSection
	GlobalSection(ExtensibilityGlobals) = postSolution
		SolutionGuid = {D3320B11-43B6-4488-8C59-4BDCD9C8D3AE}
	EndGlobalSection
EndGlobal
